
Microsoft Visual Studio Solution File, Format Version 12.00
# Visual Studio Version 17
VisualStudioVersion = 17.0.31903.59
MinimumVisualStudioVersion = 10.0.40219.1
Project("{FAE04EC0-301F-11D3-BF4B-00C04F79EFBC}") = "API", "API\API.csproj", "{64435F9B-DC0D-4799-AB6C-B122D6AB40F7}"
EndProject
Project("{FAE04EC0-301F-11D3-BF4B-00C04F79EFBC}") = "Application", "Application\Application.csproj", "{E35D848F-D17E-426C-BEB6-AEBF17BD28AB}"
EndProject
Project("{FAE04EC0-301F-11D3-BF4B-00C04F79EFBC}") = "Domain", "Domain\Domain.csproj", "{E02F5505-4DBE-40E1-AD2C-B4F8B59BEDC6}"
EndProject
Project("{FAE04EC0-301F-11D3-BF4B-00C04F79EFBC}") = "Persistence", "Persistence\Persistence.csproj", "{F6F9D7C8-0B19-45FB-94AE-EC9C3391A1F1}"
EndProject
Global
	GlobalSection(SolutionConfigurationPlatforms) = preSolution
		Debug|Any CPU = Debug|Any CPU
		Debug|x64 = Debug|x64
		Debug|x86 = Debug|x86
		Release|Any CPU = Release|Any CPU
		Release|x64 = Release|x64
		Release|x86 = Release|x86
	EndGlobalSection
	GlobalSection(ProjectConfigurationPlatforms) = postSolution
		{64435F9B-DC0D-4799-AB6C-B122D6AB40F7}.Debug|Any CPU.ActiveCfg = Debug|Any CPU
		{64435F9B-DC0D-4799-AB6C-B122D6AB40F7}.Debug|Any CPU.Build.0 = Debug|Any CPU
		{64435F9B-DC0D-4799-AB6C-B122D6AB40F7}.Debug|x64.ActiveCfg = Debug|Any CPU
		{64435F9B-DC0D-4799-AB6C-B122D6AB40F7}.Debug|x64.Build.0 = Debug|Any CPU
		{64435F9B-DC0D-4799-AB6C-B122D6AB40F7}.Debug|x86.ActiveCfg = Debug|Any CPU
		{64435F9B-DC0D-4799-AB6C-B122D6AB40F7}.Debug|x86.Build.0 = Debug|Any CPU
		{64435F9B-DC0D-4799-AB6C-B122D6AB40F7}.Release|Any CPU.ActiveCfg = Release|Any CPU
		{64435F9B-DC0D-4799-AB6C-B122D6AB40F7}.Release|Any CPU.Build.0 = Release|Any CPU
		{64435F9B-DC0D-4799-AB6C-B122D6AB40F7}.Release|x64.ActiveCfg = Release|Any CPU
		{64435F9B-DC0D-4799-AB6C-B122D6AB40F7}.Release|x64.Build.0 = Release|Any CPU
		{64435F9B-DC0D-4799-AB6C-B122D6AB40F7}.Release|x86.ActiveCfg = Release|Any CPU
		{64435F9B-DC0D-4799-AB6C-B122D6AB40F7}.Release|x86.Build.0 = Release|Any CPU
		{E35D848F-D17E-426C-BEB6-AEBF17BD28AB}.Debug|Any CPU.ActiveCfg = Debug|Any CPU
		{E35D848F-D17E-426C-BEB6-AEBF17BD28AB}.Debug|Any CPU.Build.0 = Debug|Any CPU
		{E35D848F-D17E-426C-BEB6-AEBF17BD28AB}.Debug|x64.ActiveCfg = Debug|Any CPU
		{E35D848F-D17E-426C-BEB6-AEBF17BD28AB}.Debug|x64.Build.0 = Debug|Any CPU
		{E35D848F-D17E-426C-BEB6-AEBF17BD28AB}.Debug|x86.ActiveCfg = Debug|Any CPU
		{E35D848F-D17E-426C-BEB6-AEBF17BD28AB}.Debug|x86.Build.0 = Debug|Any CPU
		{E35D848F-D17E-426C-BEB6-AEBF17BD28AB}.Release|Any CPU.ActiveCfg = Release|Any CPU
		{E35D848F-D17E-426C-BEB6-AEBF17BD28AB}.Release|Any CPU.Build.0 = Release|Any CPU
		{E35D848F-D17E-426C-BEB6-AEBF17BD28AB}.Release|x64.ActiveCfg = Release|Any CPU
		{E35D848F-D17E-426C-BEB6-AEBF17BD28AB}.Release|x64.Build.0 = Release|Any CPU
		{E35D848F-D17E-426C-BEB6-AEBF17BD28AB}.Release|x86.ActiveCfg = Release|Any CPU
		{E35D848F-D17E-426C-BEB6-AEBF17BD28AB}.Release|x86.Build.0 = Release|Any CPU
		{E02F5505-4DBE-40E1-AD2C-B4F8B59BEDC6}.Debug|Any CPU.ActiveCfg = Debug|Any CPU
		{E02F5505-4DBE-40E1-AD2C-B4F8B59BEDC6}.Debug|Any CPU.Build.0 = Debug|Any CPU
		{E02F5505-4DBE-40E1-AD2C-B4F8B59BEDC6}.Debug|x64.ActiveCfg = Debug|Any CPU
		{E02F5505-4DBE-40E1-AD2C-B4F8B59BEDC6}.Debug|x64.Build.0 = Debug|Any CPU
		{E02F5505-4DBE-40E1-AD2C-B4F8B59BEDC6}.Debug|x86.ActiveCfg = Debug|Any CPU
		{E02F5505-4DBE-40E1-AD2C-B4F8B59BEDC6}.Debug|x86.Build.0 = Debug|Any CPU
		{E02F5505-4DBE-40E1-AD2C-B4F8B59BEDC6}.Release|Any CPU.ActiveCfg = Release|Any CPU
		{E02F5505-4DBE-40E1-AD2C-B4F8B59BEDC6}.Release|Any CPU.Build.0 = Release|Any CPU
		{E02F5505-4DBE-40E1-AD2C-B4F8B59BEDC6}.Release|x64.ActiveCfg = Release|Any CPU
		{E02F5505-4DBE-40E1-AD2C-B4F8B59BEDC6}.Release|x64.Build.0 = Release|Any CPU
		{E02F5505-4DBE-40E1-AD2C-B4F8B59BEDC6}.Release|x86.ActiveCfg = Release|Any CPU
		{E02F5505-4DBE-40E1-AD2C-B4F8B59BEDC6}.Release|x86.Build.0 = Release|Any CPU
		{F6F9D7C8-0B19-45FB-94AE-EC9C3391A1F1}.Debug|Any CPU.ActiveCfg = Debug|Any CPU
		{F6F9D7C8-0B19-45FB-94AE-EC9C3391A1F1}.Debug|Any CPU.Build.0 = Debug|Any CPU
		{F6F9D7C8-0B19-45FB-94AE-EC9C3391A1F1}.Debug|x64.ActiveCfg = Debug|Any CPU
		{F6F9D7C8-0B19-45FB-94AE-EC9C3391A1F1}.Debug|x64.Build.0 = Debug|Any CPU
		{F6F9D7C8-0B19-45FB-94AE-EC9C3391A1F1}.Debug|x86.ActiveCfg = Debug|Any CPU
		{F6F9D7C8-0B19-45FB-94AE-EC9C3391A1F1}.Debug|x86.Build.0 = Debug|Any CPU
		{F6F9D7C8-0B19-45FB-94AE-EC9C3391A1F1}.Release|Any CPU.ActiveCfg = Release|Any CPU
		{F6F9D7C8-0B19-45FB-94AE-EC9C3391A1F1}.Release|Any CPU.Build.0 = Release|Any CPU
		{F6F9D7C8-0B19-45FB-94AE-EC9C3391A1F1}.Release|x64.ActiveCfg = Release|Any CPU
		{F6F9D7C8-0B19-45FB-94AE-EC9C3391A1F1}.Release|x64.Build.0 = Release|Any CPU
		{F6F9D7C8-0B19-45FB-94AE-EC9C3391A1F1}.Release|x86.ActiveCfg = Release|Any CPU
		{F6F9D7C8-0B19-45FB-94AE-EC9C3391A1F1}.Release|x86.Build.0 = Release|Any CPU
	EndGlobalSection
	GlobalSection(SolutionProperties) = preSolution
		HideSolutionNode = FALSE
	EndGlobalSection
EndGlobal
